version = 1
revision = 3
requires-python = ">=3.11, <3.13"
resolution-markers = [
    "python_full_version >= '3.12'",
    "python_full_version < '3.12'",
]

[[package]]
name = "certifi"
version = "2022.12.7"
source = { registry = "https://download.pytorch.org/whl/cu121" }
wheels = [
    { url = "https://download.pytorch.org/whl/certifi-2022.12.7-py3-none-any.whl", hash = "sha256:4ad3232f5e926d6718ec31cfc1fcadfde020920e278684144551c91769c7bc18" },
]

[[package]]
name = "charset-normalizer"
version = "2.1.1"
source = { registry = "https://download.pytorch.org/whl/cu121" }
wheels = [
    { url = "https://download.pytorch.org/whl/charset_normalizer-2.1.1-py3-none-any.whl", hash = "sha256:83e9a75d1911279afd89352c68b45348559d1fc0506b054b346651b5e7fee29f" },
]

[[package]]
name = "colorama"
version = "0.4.6"
source = { registry = "https://download.pytorch.org/whl/cu121" }
wheels = [
    { url = "https://download.pytorch.org/whl/colorama-0.4.6-py2.py3-none-any.whl", hash = "sha256:4f1d9991f5acc0ca119f9d443620b77f9d6b33703e51011c16baf57afb285fc6" },
]

[[package]]
name = "filelock"
version = "3.19.1"
source = { registry = "https://download.pytorch.org/whl/cu121" }
wheels = [
    { url = "https://download.pytorch.org/whl/filelock-3.19.1-py3-none-any.whl" },
]

[[package]]
name = "fsspec"
version = "2025.9.0"
source = { registry = "https://download.pytorch.org/whl/cu121" }
wheels = [
    { url = "https://download.pytorch.org/whl/fsspec-2025.9.0-py3-none-any.whl" },
]

[[package]]
name = "idna"
version = "3.4"
source = { registry = "https://download.pytorch.org/whl/cu121" }
wheels = [
    { url = "https://download.pytorch.org/whl/idna-3.4-py3-none-any.whl", hash = "sha256:90b77e79eaa3eba6de819a0c442c0b4ceefc341a7a2ab77d7562bf49f425c5c2" },
]

[[package]]
name = "jinja2"
version = "3.1.6"
source = { registry = "https://download.pytorch.org/whl/cu121" }
dependencies = [
    { name = "markupsafe" },
]
wheels = [
    { url = "https://download.pytorch.org/whl/jinja2-3.1.6-py3-none-any.whl" },
]

[[package]]
name = "llvmlite"
version = "0.45.1"
source = { registry = "https://pypi.org/simple" }
sdist = { url = "https://files.pythonhosted.org/packages/99/8d/5baf1cef7f9c084fb35a8afbde88074f0d6a727bc63ef764fe0e7543ba40/llvmlite-0.45.1.tar.gz", hash = "sha256:09430bb9d0bb58fc45a45a57c7eae912850bedc095cd0810a57de109c69e1c32", size = 185600, upload-time = "2025-10-01T17:59:52.046Z" }
wheels = [
    { url = "https://files.pythonhosted.org/packages/04/ad/9bdc87b2eb34642c1cfe6bcb4f5db64c21f91f26b010f263e7467e7536a3/llvmlite-0.45.1-cp311-cp311-macosx_10_15_x86_64.whl", hash = "sha256:60f92868d5d3af30b4239b50e1717cb4e4e54f6ac1c361a27903b318d0f07f42", size = 43043526, upload-time = "2025-10-01T18:03:15.051Z" },
    { url = "https://files.pythonhosted.org/packages/a5/ea/c25c6382f452a943b4082da5e8c1665ce29a62884e2ec80608533e8e82d5/llvmlite-0.45.1-cp311-cp311-macosx_11_0_arm64.whl", hash = "sha256:98baab513e19beb210f1ef39066288784839a44cd504e24fff5d17f1b3cf0860", size = 37253118, upload-time = "2025-10-01T18:04:06.783Z" },
    { url = "https://files.pythonhosted.org/packages/fe/af/85fc237de98b181dbbe8647324331238d6c52a3554327ccdc83ced28efba/llvmlite-0.45.1-cp311-cp311-manylinux2014_x86_64.manylinux_2_17_x86_64.whl", hash = "sha256:3adc2355694d6a6fbcc024d59bb756677e7de506037c878022d7b877e7613a36", size = 56288209, upload-time = "2025-10-01T18:01:00.168Z" },
    { url = "https://files.pythonhosted.org/packages/0a/df/3daf95302ff49beff4230065e3178cd40e71294968e8d55baf4a9e560814/llvmlite-0.45.1-cp311-cp311-manylinux_2_27_aarch64.manylinux_2_28_aarch64.whl", hash = "sha256:2f3377a6db40f563058c9515dedcc8a3e562d8693a106a28f2ddccf2c8fcf6ca", size = 55140958, upload-time = "2025-10-01T18:02:11.199Z" },
    { url = "https://files.pythonhosted.org/packages/a4/56/4c0d503fe03bac820ecdeb14590cf9a248e120f483bcd5c009f2534f23f0/llvmlite-0.45.1-cp311-cp311-win_amd64.whl", hash = "sha256:f9c272682d91e0d57f2a76c6d9ebdfccc603a01828cdbe3d15273bdca0c3363a", size = 38132232, upload-time = "2025-10-01T18:04:52.181Z" },
    { url = "https://files.pythonhosted.org/packages/e2/7c/82cbd5c656e8991bcc110c69d05913be2229302a92acb96109e166ae31fb/llvmlite-0.45.1-cp312-cp312-macosx_10_15_x86_64.whl", hash = "sha256:28e763aba92fe9c72296911e040231d486447c01d4f90027c8e893d89d49b20e", size = 43043524, upload-time = "2025-10-01T18:03:30.666Z" },
    { url = "https://files.pythonhosted.org/packages/9d/bc/5314005bb2c7ee9f33102c6456c18cc81745d7055155d1218f1624463774/llvmlite-0.45.1-cp312-cp312-macosx_11_0_arm64.whl", hash = "sha256:1a53f4b74ee9fd30cb3d27d904dadece67a7575198bd80e687ee76474620735f", size = 37253123, upload-time = "2025-10-01T18:04:18.177Z" },
    { url = "https://files.pythonhosted.org/packages/96/76/0f7154952f037cb320b83e1c952ec4a19d5d689cf7d27cb8a26887d7bbc1/llvmlite-0.45.1-cp312-cp312-manylinux2014_x86_64.manylinux_2_17_x86_64.whl", hash = "sha256:5b3796b1b1e1c14dcae34285d2f4ea488402fbd2c400ccf7137603ca3800864f", size = 56288211, upload-time = "2025-10-01T18:01:24.079Z" },
    { url = "https://files.pythonhosted.org/packages/00/b1/0b581942be2683ceb6862d558979e87387e14ad65a1e4db0e7dd671fa315/llvmlite-0.45.1-cp312-cp312-manylinux_2_27_aarch64.manylinux_2_28_aarch64.whl", hash = "sha256:779e2f2ceefef0f4368548685f0b4adde34e5f4b457e90391f570a10b348d433", size = 55140958, upload-time = "2025-10-01T18:02:30.482Z" },
    { url = "https://files.pythonhosted.org/packages/33/94/9ba4ebcf4d541a325fd8098ddc073b663af75cc8b065b6059848f7d4dce7/llvmlite-0.45.1-cp312-cp312-win_amd64.whl", hash = "sha256:9e6c9949baf25d9aa9cd7cf0f6d011b9ca660dd17f5ba2b23bdbdb77cc86b116", size = 38132231, upload-time = "2025-10-01T18:05:03.664Z" },
]

[[package]]
name = "markupsafe"
version = "2.1.5"
source = { registry = "https://download.pytorch.org/whl/cu121" }
sdist = { url = "https://download.pytorch.org/whl/MarkupSafe-2.1.5.tar.gz", hash = "sha256:d283d37a890ba4c1ae73ffadf8046435c76e7bc2247bbb63c00bd1a709c6544b" }
wheels = [
    { url = "https://download.pytorch.org/whl/MarkupSafe-2.1.5-cp311-cp311-macosx_10_9_universal2.whl", hash = "sha256:629ddd2ca402ae6dbedfceeba9c46d5f7b2a61d9749597d4307f943ef198fc1f" },
    { url = "https://download.pytorch.org/whl/MarkupSafe-2.1.5-cp311-cp311-macosx_10_9_x86_64.whl", hash = "sha256:5b7b716f97b52c5a14bffdf688f971b2d5ef4029127f1ad7a513973cfd818df2" },
    { url = "https://download.pytorch.org/whl/MarkupSafe-2.1.5-cp311-cp311-manylinux_2_17_aarch64.manylinux2014_aarch64.whl", hash = "sha256:6ec585f69cec0aa07d945b20805be741395e28ac1627333b1c5b0105962ffced" },
    { url = "https://download.pytorch.org/whl/MarkupSafe-2.1.5-cp311-cp311-manylinux_2_17_x86_64.manylinux2014_x86_64.whl", hash = "sha256:b91c037585eba9095565a3556f611e3cbfaa42ca1e865f7b8015fe5c7336d5a5" },
    { url = "https://download.pytorch.org/whl/MarkupSafe-2.1.5-cp311-cp311-manylinux_2_5_i686.manylinux1_i686.manylinux_2_17_i686.manylinux2014_i686.whl", hash = "sha256:7502934a33b54030eaf1194c21c692a534196063db72176b0c4028e140f8f32c" },
    { url = "https://download.pytorch.org/whl/MarkupSafe-2.1.5-cp311-cp311-win_amd64.whl", hash = "sha256:2b7c57a4dfc4f16f7142221afe5ba4e093e09e728ca65c51f5620c9aaeb9a617" },
    { url = "https://download.pytorch.org/whl/MarkupSafe-2.1.5-cp312-cp312-macosx_10_9_universal2.whl", hash = "sha256:8dec4936e9c3100156f8a2dc89c4b88d5c435175ff03413b443469c7c8c5f4d1" },
    { url = "https://download.pytorch.org/whl/MarkupSafe-2.1.5-cp312-cp312-macosx_10_9_x86_64.whl", hash = "sha256:3c6b973f22eb18a789b1460b4b91bf04ae3f0c4234a0a6aa6b0a92f6f7b951d4" },
    { url = "https://download.pytorch.org/whl/MarkupSafe-2.1.5-cp312-cp312-manylinux_2_17_aarch64.manylinux2014_aarch64.whl", hash = "sha256:ac07bad82163452a6884fe8fa0963fb98c2346ba78d779ec06bd7a6262132aee" },
    { url = "https://download.pytorch.org/whl/MarkupSafe-2.1.5-cp312-cp312-manylinux_2_17_x86_64.manylinux2014_x86_64.whl", hash = "sha256:f5dfb42c4604dddc8e4305050aa6deb084540643ed5804d7455b5df8fe16f5e5" },
    { url = "https://download.pytorch.org/whl/MarkupSafe-2.1.5-cp312-cp312-manylinux_2_5_i686.manylinux1_i686.manylinux_2_17_i686.manylinux2014_i686.whl", hash = "sha256:ea3d8a3d18833cf4304cd2fc9cbb1efe188ca9b5efef2bdac7adc20594a0e46b" },
    { url = "https://download.pytorch.org/whl/MarkupSafe-2.1.5-cp312-cp312-win_amd64.whl", hash = "sha256:823b65d8706e32ad2df51ed89496147a42a2a6e01c13cfb6ffb8b1e92bc910bb" },
]

[[package]]
name = "more-itertools"
version = "10.8.0"
source = { registry = "https://pypi.org/simple" }
sdist = { url = "https://files.pythonhosted.org/packages/ea/5d/38b681d3fce7a266dd9ab73c66959406d565b3e85f21d5e66e1181d93721/more_itertools-10.8.0.tar.gz", hash = "sha256:f638ddf8a1a0d134181275fb5d58b086ead7c6a72429ad725c67503f13ba30bd", size = 137431, upload-time = "2025-09-02T15:23:11.018Z" }
wheels = [
    { url = "https://files.pythonhosted.org/packages/a4/8e/469e5a4a2f5855992e425f3cb33804cc07bf18d48f2db061aec61ce50270/more_itertools-10.8.0-py3-none-any.whl", hash = "sha256:52d4362373dcf7c52546bc4af9a86ee7c4579df9a8dc268be0a2f949d376cc9b", size = 69667, upload-time = "2025-09-02T15:23:09.635Z" },
]

[[package]]
name = "mp4towhisper"
version = "0.1.0"
source = { virtual = "." }
dependencies = [
    { name = "openai-whisper" },
]

[package.metadata]
requires-dist = [{ name = "openai-whisper", specifier = ">=20250625" }]

[[package]]
name = "mpmath"
version = "1.3.0"
source = { registry = "https://download.pytorch.org/whl/cu121" }
wheels = [
    { url = "https://download.pytorch.org/whl/mpmath-1.3.0-py3-none-any.whl", hash = "sha256:a0b2b9fe80bbcd81a6647ff13108738cfb482d481d826cc0e02f5b35e5c88d2c" },
]

[[package]]
name = "networkx"
version = "3.5"
source = { registry = "https://download.pytorch.org/whl/cu121" }
wheels = [
    { url = "https://download.pytorch.org/whl/networkx-3.5-py3-none-any.whl" },
]

[[package]]
name = "numba"
version = "0.62.1"
source = { registry = "https://pypi.org/simple" }
dependencies = [
    { name = "llvmlite" },
    { name = "numpy" },
]
sdist = { url = "https://files.pythonhosted.org/packages/a3/20/33dbdbfe60e5fd8e3dbfde299d106279a33d9f8308346022316781368591/numba-0.62.1.tar.gz", hash = "sha256:7b774242aa890e34c21200a1fc62e5b5757d5286267e71103257f4e2af0d5161", size = 2749817, upload-time = "2025-09-29T10:46:31.551Z" }
wheels = [
    { url = "https://files.pythonhosted.org/packages/dd/5f/8b3491dd849474f55e33c16ef55678ace1455c490555337899c35826836c/numba-0.62.1-cp311-cp311-macosx_10_15_x86_64.whl", hash = "sha256:f43e24b057714e480fe44bc6031de499e7cf8150c63eb461192caa6cc8530bc8", size = 2684279, upload-time = "2025-09-29T10:43:37.213Z" },
    { url = "https://files.pythonhosted.org/packages/bf/18/71969149bfeb65a629e652b752b80167fe8a6a6f6e084f1f2060801f7f31/numba-0.62.1-cp311-cp311-macosx_11_0_arm64.whl", hash = "sha256:57cbddc53b9ee02830b828a8428757f5c218831ccc96490a314ef569d8342b7b", size = 2687330, upload-time = "2025-09-29T10:43:59.601Z" },
    { url = "https://files.pythonhosted.org/packages/0e/7d/403be3fecae33088027bc8a95dc80a2fda1e3beff3e0e5fc4374ada3afbe/numba-0.62.1-cp311-cp311-manylinux2014_x86_64.manylinux_2_17_x86_64.whl", hash = "sha256:604059730c637c7885386521bb1b0ddcbc91fd56131a6dcc54163d6f1804c872", size = 3739727, upload-time = "2025-09-29T10:42:45.922Z" },
    { url = "https://files.pythonhosted.org/packages/e0/c3/3d910d08b659a6d4c62ab3cd8cd93c4d8b7709f55afa0d79a87413027ff6/numba-0.62.1-cp311-cp311-manylinux_2_27_aarch64.manylinux_2_28_aarch64.whl", hash = "sha256:d6c540880170bee817011757dc9049dba5a29db0c09b4d2349295991fe3ee55f", size = 3445490, upload-time = "2025-09-29T10:43:12.692Z" },
    { url = "https://files.pythonhosted.org/packages/5b/82/9d425c2f20d9f0a37f7cb955945a553a00fa06a2b025856c3550227c5543/numba-0.62.1-cp311-cp311-win_amd64.whl", hash = "sha256:03de6d691d6b6e2b76660ba0f38f37b81ece8b2cc524a62f2a0cfae2bfb6f9da", size = 2745550, upload-time = "2025-09-29T10:44:20.571Z" },
    { url = "https://files.pythonhosted.org/packages/5e/fa/30fa6873e9f821c0ae755915a3ca444e6ff8d6a7b6860b669a3d33377ac7/numba-0.62.1-cp312-cp312-macosx_10_15_x86_64.whl", hash = "sha256:1b743b32f8fa5fff22e19c2e906db2f0a340782caf024477b97801b918cf0494", size = 2685346, upload-time = "2025-09-29T10:43:43.677Z" },
    { url = "https://files.pythonhosted.org/packages/a9/d5/504ce8dc46e0dba2790c77e6b878ee65b60fe3e7d6d0006483ef6fde5a97/numba-0.62.1-cp312-cp312-macosx_11_0_arm64.whl", hash = "sha256:90fa21b0142bcf08ad8e32a97d25d0b84b1e921bc9423f8dda07d3652860eef6", size = 2688139, upload-time = "2025-09-29T10:44:04.894Z" },
    { url = "https://files.pythonhosted.org/packages/50/5f/6a802741176c93f2ebe97ad90751894c7b0c922b52ba99a4395e79492205/numba-0.62.1-cp312-cp312-manylinux2014_x86_64.manylinux_2_17_x86_64.whl", hash = "sha256:6ef84d0ac19f1bf80431347b6f4ce3c39b7ec13f48f233a48c01e2ec06ecbc59", size = 3796453, upload-time = "2025-09-29T10:42:52.771Z" },
    { url = "https://files.pythonhosted.org/packages/7e/df/efd21527d25150c4544eccc9d0b7260a5dec4b7e98b5a581990e05a133c0/numba-0.62.1-cp312-cp312-manylinux_2_27_aarch64.manylinux_2_28_aarch64.whl", hash = "sha256:9315cc5e441300e0ca07c828a627d92a6802bcbf27c5487f31ae73783c58da53", size = 3496451, upload-time = "2025-09-29T10:43:19.279Z" },
    { url = "https://files.pythonhosted.org/packages/80/44/79bfdab12a02796bf4f1841630355c82b5a69933b1d50eb15c7fa37dabe8/numba-0.62.1-cp312-cp312-win_amd64.whl", hash = "sha256:44e3aa6228039992f058f5ebfcfd372c83798e9464297bdad8cc79febcf7891e", size = 2745552, upload-time = "2025-09-29T10:44:26.399Z" },
]

[[package]]
name = "numpy"
version = "2.3.3"
source = { registry = "https://download.pytorch.org/whl/cu121" }
wheels = [
    { url = "https://download.pytorch.org/whl/numpy-2.3.3-cp311-cp311-macosx_10_9_x86_64.whl" },
    { url = "https://download.pytorch.org/whl/numpy-2.3.3-cp311-cp311-macosx_11_0_arm64.whl" },
    { url = "https://download.pytorch.org/whl/numpy-2.3.3-cp311-cp311-macosx_14_0_arm64.whl" },
    { url = "https://download.pytorch.org/whl/numpy-2.3.3-cp311-cp311-macosx_14_0_x86_64.whl" },
    { url = "https://download.pytorch.org/whl/numpy-2.3.3-cp311-cp311-manylinux_2_27_aarch64.manylinux_2_28_aarch64.whl" },
    { url = "https://download.pytorch.org/whl/numpy-2.3.3-cp311-cp311-manylinux_2_27_x86_64.manylinux_2_28_x86_64.whl" },
    { url = "https://download.pytorch.org/whl/numpy-2.3.3-cp311-cp311-win_amd64.whl" },
    { url = "https://download.pytorch.org/whl/numpy-2.3.3-cp311-cp311-win_arm64.whl" },
    { url = "https://download.pytorch.org/whl/numpy-2.3.3-cp312-cp312-macosx_10_13_x86_64.whl" },
    { url = "https://download.pytorch.org/whl/numpy-2.3.3-cp312-cp312-macosx_11_0_arm64.whl" },
    { url = "https://download.pytorch.org/whl/numpy-2.3.3-cp312-cp312-macosx_14_0_arm64.whl" },
    { url = "https://download.pytorch.org/whl/numpy-2.3.3-cp312-cp312-macosx_14_0_x86_64.whl" },
    { url = "https://download.pytorch.org/whl/numpy-2.3.3-cp312-cp312-manylinux_2_27_aarch64.manylinux_2_28_aarch64.whl" },
    { url = "https://download.pytorch.org/whl/numpy-2.3.3-cp312-cp312-manylinux_2_27_x86_64.manylinux_2_28_x86_64.whl" },
    { url = "https://download.pytorch.org/whl/numpy-2.3.3-cp312-cp312-win_amd64.whl" },
    { url = "https://download.pytorch.org/whl/numpy-2.3.3-cp312-cp312-win_arm64.whl" },
]

[[package]]
name = "nvidia-cublas-cu12"
version = "12.1.3.1"
source = { registry = "https://download.pytorch.org/whl/cu121" }
wheels = [
    { url = "https://download.pytorch.org/whl/cu121/nvidia_cublas_cu12-12.1.3.1-py3-none-manylinux1_x86_64.whl", hash = "sha256:ee53ccca76a6fc08fb9701aa95b6ceb242cdaab118c3bb152af4e579af792728" },
]

[[package]]
name = "nvidia-cuda-cupti-cu12"
version = "12.1.105"
source = { registry = "https://download.pytorch.org/whl/cu121" }
wheels = [
    { url = "https://download.pytorch.org/whl/cu121/nvidia_cuda_cupti_cu12-12.1.105-py3-none-manylinux1_x86_64.whl", hash = "sha256:e54fde3983165c624cb79254ae9818a456eb6e87a7fd4d56a2352c24ee542d7e" },
]

[[package]]
name = "nvidia-cuda-nvrtc-cu12"
version = "12.1.105"
source = { registry = "https://download.pytorch.org/whl/cu121" }
wheels = [
    { url = "https://download.pytorch.org/whl/cu121/nvidia_cuda_nvrtc_cu12-12.1.105-py3-none-manylinux1_x86_64.whl", hash = "sha256:339b385f50c309763ca65456ec75e17bbefcbbf2893f462cb8b90584cd27a1c2" },
]

[[package]]
name = "nvidia-cuda-runtime-cu12"
version = "12.1.105"
source = { registry = "https://download.pytorch.org/whl/cu121" }
wheels = [
    { url = "https://download.pytorch.org/whl/cu121/nvidia_cuda_runtime_cu12-12.1.105-py3-none-manylinux1_x86_64.whl", hash = "sha256:6e258468ddf5796e25f1dc591a31029fa317d97a0a94ed93468fc86301d61e40" },
]

[[package]]
name = "nvidia-cudnn-cu12"
version = "9.1.0.70"
source = { registry = "https://download.pytorch.org/whl/cu121" }
dependencies = [
    { name = "nvidia-cublas-cu12" },
]
wheels = [
    { url = "https://download.pytorch.org/whl/cu121/nvidia_cudnn_cu12-9.1.0.70-py3-none-manylinux2014_x86_64.whl", hash = "sha256:165764f44ef8c61fcdfdfdbe769d687e06374059fbb388b6c89ecb0e28793a6f" },
]

[[package]]
name = "nvidia-cufft-cu12"
version = "11.0.2.54"
source = { registry = "https://download.pytorch.org/whl/cu121" }
wheels = [
    { url = "https://download.pytorch.org/whl/cu121/nvidia_cufft_cu12-11.0.2.54-py3-none-manylinux1_x86_64.whl", hash = "sha256:794e3948a1aa71fd817c3775866943936774d1c14e7628c74f6f7417224cdf56" },
]

[[package]]
name = "nvidia-curand-cu12"
version = "10.3.2.106"
source = { registry = "https://download.pytorch.org/whl/cu121" }
wheels = [
    { url = "https://download.pytorch.org/whl/cu121/nvidia_curand_cu12-10.3.2.106-py3-none-manylinux1_x86_64.whl", hash = "sha256:9d264c5036dde4e64f1de8c50ae753237c12e0b1348738169cd0f8a536c0e1e0" },
]

[[package]]
name = "nvidia-cusolver-cu12"
version = "11.4.5.107"
source = { registry = "https://download.pytorch.org/whl/cu121" }
dependencies = [
    { name = "nvidia-cublas-cu12" },
    { name = "nvidia-cusparse-cu12" },
    { name = "nvidia-nvjitlink-cu12" },
]
wheels = [
    { url = "https://download.pytorch.org/whl/cu121/nvidia_cusolver_cu12-11.4.5.107-py3-none-manylinux1_x86_64.whl", hash = "sha256:8a7ec542f0412294b15072fa7dab71d31334014a69f953004ea7a118206fe0dd" },
]

[[package]]
name = "nvidia-cusparse-cu12"
version = "12.1.0.106"
source = { registry = "https://download.pytorch.org/whl/cu121" }
dependencies = [
    { name = "nvidia-nvjitlink-cu12" },
]
wheels = [
    { url = "https://download.pytorch.org/whl/cu121/nvidia_cusparse_cu12-12.1.0.106-py3-none-manylinux1_x86_64.whl", hash = "sha256:f3b50f42cf363f86ab21f720998517a659a48131e8d538dc02f8768237bd884c" },
]

[[package]]
name = "nvidia-nccl-cu12"
version = "2.21.5"
source = { registry = "https://download.pytorch.org/whl/cu121" }
wheels = [
    { url = "https://download.pytorch.org/whl/cu121/nvidia_nccl_cu12-2.21.5-py3-none-manylinux2014_x86_64.whl", hash = "sha256:8579076d30a8c24988834445f8d633c697d42397e92ffc3f63fa26766d25e0a0" },
    { url = "https://download.pytorch.org/whl/nvidia_nccl_cu12-2.21.5-py3-none-manylinux2014_x86_64.whl", hash = "sha256:8579076d30a8c24988834445f8d633c697d42397e92ffc3f63fa26766d25e0a0" },
]

[[package]]
name = "nvidia-nvjitlink-cu12"
version = "12.9.86"
source = { registry = "https://download.pytorch.org/whl/cu121" }
wheels = [
    { url = "https://download.pytorch.org/whl/nvidia_nvjitlink_cu12-12.9.86-py3-none-manylinux2010_x86_64.manylinux_2_12_x86_64.whl", hash = "sha256:e3f1171dbdc83c5932a45f0f4c99180a70de9bd2718c1ab77d14104f6d7147f9" },
]

[[package]]
name = "nvidia-nvtx-cu12"
version = "12.1.105"
source = { registry = "https://download.pytorch.org/whl/cu121" }
wheels = [
    { url = "https://download.pytorch.org/whl/cu121/nvidia_nvtx_cu12-12.1.105-py3-none-manylinux1_x86_64.whl", hash = "sha256:dc21cf308ca5691e7c04d962e213f8a4aa9bbfa23d95412f452254c2caeb09e5" },
]

[[package]]
name = "openai-whisper"
version = "20250625"
source = { registry = "https://pypi.org/simple" }
dependencies = [
    { name = "more-itertools" },
    { name = "numba" },
    { name = "numpy" },
    { name = "tiktoken" },
    { name = "torch" },
    { name = "tqdm" },
    { name = "triton", marker = "(platform_machine == 'x86_64' and sys_platform == 'linux') or sys_platform == 'linux2'" },
]
sdist = { url = "https://files.pythonhosted.org/packages/35/8e/d36f8880bcf18ec026a55807d02fe4c7357da9f25aebd92f85178000c0dc/openai_whisper-20250625.tar.gz", hash = "sha256:37a91a3921809d9f44748ffc73c0a55c9f366c85a3ef5c2ae0cc09540432eb96", size = 803191, upload-time = "2025-06-26T01:06:13.34Z" }

[[package]]
name = "regex"
version = "2025.11.3"
source = { registry = "https://pypi.org/simple" }
sdist = { url = "https://files.pythonhosted.org/packages/cc/a9/546676f25e573a4cf00fe8e119b78a37b6a8fe2dc95cda877b30889c9c45/regex-2025.11.3.tar.gz", hash = "sha256:1fedc720f9bb2494ce31a58a1631f9c82df6a09b49c19517ea5cc280b4541e01", size = 414669, upload-time = "2025-11-03T21:34:22.089Z" }
wheels = [
    { url = "https://files.pythonhosted.org/packages/f7/90/4fb5056e5f03a7048abd2b11f598d464f0c167de4f2a51aa868c376b8c70/regex-2025.11.3-cp311-cp311-macosx_10_9_universal2.whl", hash = "sha256:eadade04221641516fa25139273505a1c19f9bf97589a05bc4cfcd8b4a618031", size = 488081, upload-time = "2025-11-03T21:31:11.946Z" },
    { url = "https://files.pythonhosted.org/packages/85/23/63e481293fac8b069d84fba0299b6666df720d875110efd0338406b5d360/regex-2025.11.3-cp311-cp311-macosx_10_9_x86_64.whl", hash = "sha256:feff9e54ec0dd3833d659257f5c3f5322a12eee58ffa360984b716f8b92983f4", size = 290554, upload-time = "2025-11-03T21:31:13.387Z" },
    { url = "https://files.pythonhosted.org/packages/2b/9d/b101d0262ea293a0066b4522dfb722eb6a8785a8c3e084396a5f2c431a46/regex-2025.11.3-cp311-cp311-macosx_11_0_arm64.whl", hash = "sha256:3b30bc921d50365775c09a7ed446359e5c0179e9e2512beec4a60cbcef6ddd50", size = 288407, upload-time = "2025-11-03T21:31:14.809Z" },
    { url = "https://files.pythonhosted.org/packages/0c/64/79241c8209d5b7e00577ec9dca35cd493cc6be35b7d147eda367d6179f6d/regex-2025.11.3-cp311-cp311-manylinux2014_aarch64.manylinux_2_17_aarch64.manylinux_2_28_aarch64.whl", hash = "sha256:f99be08cfead2020c7ca6e396c13543baea32343b7a9a5780c462e323bd8872f", size = 793418, upload-time = "2025-11-03T21:31:16.556Z" },
    { url = "https://files.pythonhosted.org/packages/3d/e2/23cd5d3573901ce8f9757c92ca4db4d09600b865919b6d3e7f69f03b1afd/regex-2025.11.3-cp311-cp311-manylinux2014_ppc64le.manylinux_2_17_ppc64le.manylinux_2_28_ppc64le.whl", hash = "sha256:6dd329a1b61c0ee95ba95385fb0c07ea0d3fe1a21e1349fa2bec272636217118", size = 860448, upload-time = "2025-11-03T21:31:18.12Z" },
    { url = "https://files.pythonhosted.org/packages/2a/4c/aecf31beeaa416d0ae4ecb852148d38db35391aac19c687b5d56aedf3a8b/regex-2025.11.3-cp311-cp311-manylinux2014_s390x.manylinux_2_17_s390x.manylinux_2_28_s390x.whl", hash = "sha256:4c5238d32f3c5269d9e87be0cf096437b7622b6920f5eac4fd202468aaeb34d2", size = 907139, upload-time = "2025-11-03T21:31:20.753Z" },
    { url = "https://files.pythonhosted.org/packages/61/22/b8cb00df7d2b5e0875f60628594d44dba283e951b1ae17c12f99e332cc0a/regex-2025.11.3-cp311-cp311-manylinux2014_x86_64.manylinux_2_17_x86_64.manylinux_2_28_x86_64.whl", hash = "sha256:10483eefbfb0adb18ee9474498c9a32fcf4e594fbca0543bb94c48bac6183e2e", size = 800439, upload-time = "2025-11-03T21:31:22.069Z" },
    { url = "https://files.pythonhosted.org/packages/02/a8/c4b20330a5cdc7a8eb265f9ce593f389a6a88a0c5f280cf4d978f33966bc/regex-2025.11.3-cp311-cp311-musllinux_1_2_aarch64.whl", hash = "sha256:78c2d02bb6e1da0720eedc0bad578049cad3f71050ef8cd065ecc87691bed2b0", size = 782965, upload-time = "2025-11-03T21:31:23.598Z" },
    { url = "https://files.pythonhosted.org/packages/b4/4c/ae3e52988ae74af4b04d2af32fee4e8077f26e51b62ec2d12d246876bea2/regex-2025.11.3-cp311-cp311-musllinux_1_2_ppc64le.whl", hash = "sha256:e6b49cd2aad93a1790ce9cffb18964f6d3a4b0b3dbdbd5de094b65296fce6e58", size = 854398, upload-time = "2025-11-03T21:31:25.008Z" },
    { url = "https://files.pythonhosted.org/packages/06/d1/a8b9cf45874eda14b2e275157ce3b304c87e10fb38d9fc26a6e14eb18227/regex-2025.11.3-cp311-cp311-musllinux_1_2_s390x.whl", hash = "sha256:885b26aa3ee56433b630502dc3d36ba78d186a00cc535d3806e6bfd9ed3c70ab", size = 845897, upload-time = "2025-11-03T21:31:26.427Z" },
    { url = "https://files.pythonhosted.org/packages/ea/fe/1830eb0236be93d9b145e0bd8ab499f31602fe0999b1f19e99955aa8fe20/regex-2025.11.3-cp311-cp311-musllinux_1_2_x86_64.whl", hash = "sha256:ddd76a9f58e6a00f8772e72cff8ebcff78e022be95edf018766707c730593e1e", size = 788906, upload-time = "2025-11-03T21:31:28.078Z" },
    { url = "https://files.pythonhosted.org/packages/66/47/dc2577c1f95f188c1e13e2e69d8825a5ac582ac709942f8a03af42ed6e93/regex-2025.11.3-cp311-cp311-win32.whl", hash = "sha256:3e816cc9aac1cd3cc9a4ec4d860f06d40f994b5c7b4d03b93345f44e08cc68bf", size = 265812, upload-time = "2025-11-03T21:31:29.72Z" },
    { url = "https://files.pythonhosted.org/packages/50/1e/15f08b2f82a9bbb510621ec9042547b54d11e83cb620643ebb54e4eb7d71/regex-2025.11.3-cp311-cp311-win_amd64.whl", hash = "sha256:087511f5c8b7dfbe3a03f5d5ad0c2a33861b1fc387f21f6f60825a44865a385a", size = 277737, upload-time = "2025-11-03T21:31:31.422Z" },
    { url = "https://files.pythonhosted.org/packages/f4/fc/6500eb39f5f76c5e47a398df82e6b535a5e345f839581012a418b16f9cc3/regex-2025.11.3-cp311-cp311-win_arm64.whl", hash = "sha256:1ff0d190c7f68ae7769cd0313fe45820ba07ffebfddfaa89cc1eb70827ba0ddc", size = 270290, upload-time = "2025-11-03T21:31:33.041Z" },
    { url = "https://files.pythonhosted.org/packages/e8/74/18f04cb53e58e3fb107439699bd8375cf5a835eec81084e0bddbd122e4c2/regex-2025.11.3-cp312-cp312-macosx_10_13_universal2.whl", hash = "sha256:bc8ab71e2e31b16e40868a40a69007bc305e1109bd4658eb6cad007e0bf67c41", size = 489312, upload-time = "2025-11-03T21:31:34.343Z" },
    { url = "https://files.pythonhosted.org/packages/78/3f/37fcdd0d2b1e78909108a876580485ea37c91e1acf66d3bb8e736348f441/regex-2025.11.3-cp312-cp312-macosx_10_13_x86_64.whl", hash = "sha256:22b29dda7e1f7062a52359fca6e58e548e28c6686f205e780b02ad8ef710de36", size = 291256, upload-time = "2025-11-03T21:31:35.675Z" },
    { url = "https://files.pythonhosted.org/packages/bf/26/0a575f58eb23b7ebd67a45fccbc02ac030b737b896b7e7a909ffe43ffd6a/regex-2025.11.3-cp312-cp312-macosx_11_0_arm64.whl", hash = "sha256:3a91e4a29938bc1a082cc28fdea44be420bf2bebe2665343029723892eb073e1", size = 288921, upload-time = "2025-11-03T21:31:37.07Z" },
    { url = "https://files.pythonhosted.org/packages/ea/98/6a8dff667d1af907150432cf5abc05a17ccd32c72a3615410d5365ac167a/regex-2025.11.3-cp312-cp312-manylinux2014_aarch64.manylinux_2_17_aarch64.manylinux_2_28_aarch64.whl", hash = "sha256:08b884f4226602ad40c5d55f52bf91a9df30f513864e0054bad40c0e9cf1afb7", size = 798568, upload-time = "2025-11-03T21:31:38.784Z" },
    { url = "https://files.pythonhosted.org/packages/64/15/92c1db4fa4e12733dd5a526c2dd2b6edcbfe13257e135fc0f6c57f34c173/regex-2025.11.3-cp312-cp312-manylinux2014_ppc64le.manylinux_2_17_ppc64le.manylinux_2_28_ppc64le.whl", hash = "sha256:3e0b11b2b2433d1c39c7c7a30e3f3d0aeeea44c2a8d0bae28f6b95f639927a69", size = 864165, upload-time = "2025-11-03T21:31:40.559Z" },
    { url = "https://files.pythonhosted.org/packages/f9/e7/3ad7da8cdee1ce66c7cd37ab5ab05c463a86ffeb52b1a25fe7bd9293b36c/regex-2025.11.3-cp312-cp312-manylinux2014_s390x.manylinux_2_17_s390x.manylinux_2_28_s390x.whl", hash = "sha256:87eb52a81ef58c7ba4d45c3ca74e12aa4b4e77816f72ca25258a85b3ea96cb48", size = 912182, upload-time = "2025-11-03T21:31:42.002Z" },
    { url = "https://files.pythonhosted.org/packages/84/bd/9ce9f629fcb714ffc2c3faf62b6766ecb7a585e1e885eb699bcf130a5209/regex-2025.11.3-cp312-cp312-manylinux2014_x86_64.manylinux_2_17_x86_64.manylinux_2_28_x86_64.whl", hash = "sha256:a12ab1f5c29b4e93db518f5e3872116b7e9b1646c9f9f426f777b50d44a09e8c", size = 803501, upload-time = "2025-11-03T21:31:43.815Z" },
    { url = "https://files.pythonhosted.org/packages/7c/0f/8dc2e4349d8e877283e6edd6c12bdcebc20f03744e86f197ab6e4492bf08/regex-2025.11.3-cp312-cp312-musllinux_1_2_aarch64.whl", hash = "sha256:7521684c8c7c4f6e88e35ec89680ee1aa8358d3f09d27dfbdf62c446f5d4c695", size = 787842, upload-time = "2025-11-03T21:31:45.353Z" },
    { url = "https://files.pythonhosted.org/packages/f9/73/cff02702960bc185164d5619c0c62a2f598a6abff6695d391b096237d4ab/regex-2025.11.3-cp312-cp312-musllinux_1_2_ppc64le.whl", hash = "sha256:7fe6e5440584e94cc4b3f5f4d98a25e29ca12dccf8873679a635638349831b98", size = 858519, upload-time = "2025-11-03T21:31:46.814Z" },
    { url = "https://files.pythonhosted.org/packages/61/83/0e8d1ae71e15bc1dc36231c90b46ee35f9d52fab2e226b0e039e7ea9c10a/regex-2025.11.3-cp312-cp312-musllinux_1_2_s390x.whl", hash = "sha256:8e026094aa12b43f4fd74576714e987803a315c76edb6b098b9809db5de58f74", size = 850611, upload-time = "2025-11-03T21:31:48.289Z" },
    { url = "https://files.pythonhosted.org/packages/c8/f5/70a5cdd781dcfaa12556f2955bf170cd603cb1c96a1827479f8faea2df97/regex-2025.11.3-cp312-cp312-musllinux_1_2_x86_64.whl", hash = "sha256:435bbad13e57eb5606a68443af62bed3556de2f46deb9f7d4237bc2f1c9fb3a0", size = 789759, upload-time = "2025-11-03T21:31:49.759Z" },
    { url = "https://files.pythonhosted.org/packages/59/9b/7c29be7903c318488983e7d97abcf8ebd3830e4c956c4c540005fcfb0462/regex-2025.11.3-cp312-cp312-win32.whl", hash = "sha256:3839967cf4dc4b985e1570fd8d91078f0c519f30491c60f9ac42a8db039be204", size = 266194, upload-time = "2025-11-03T21:31:51.53Z" },
    { url = "https://files.pythonhosted.org/packages/1a/67/3b92df89f179d7c367be654ab5626ae311cb28f7d5c237b6bb976cd5fbbb/regex-2025.11.3-cp312-cp312-win_amd64.whl", hash = "sha256:e721d1b46e25c481dc5ded6f4b3f66c897c58d2e8cfdf77bbced84339108b0b9", size = 277069, upload-time = "2025-11-03T21:31:53.151Z" },
    { url = "https://files.pythonhosted.org/packages/d7/55/85ba4c066fe5094d35b249c3ce8df0ba623cfd35afb22d6764f23a52a1c5/regex-2025.11.3-cp312-cp312-win_arm64.whl", hash = "sha256:64350685ff08b1d3a6fff33f45a9ca183dc1d58bbfe4981604e70ec9801bbc26", size = 270330, upload-time = "2025-11-03T21:31:54.514Z" },
]

[[package]]
name = "requests"
version = "2.28.1"
source = { registry = "https://download.pytorch.org/whl/cu121" }
dependencies = [
    { name = "certifi" },
    { name = "charset-normalizer" },
    { name = "idna" },
    { name = "urllib3" },
]
wheels = [
    { url = "https://download.pytorch.org/whl/requests-2.28.1-py3-none-any.whl", hash = "sha256:8fefa2a1a1365bf5520aac41836fbee479da67864514bdb821f31ce07ce65349" },
]

[[package]]
name = "setuptools"
version = "70.2.0"
source = { registry = "https://download.pytorch.org/whl/cu121" }
wheels = [
    { url = "https://download.pytorch.org/whl/setuptools-70.2.0-py3-none-any.whl", hash = "sha256:b8b8060bb426838fbe942479c90296ce976249451118ef566a5a0b7d8b78fb05" },
]

[[package]]
name = "sympy"
version = "1.13.1"
source = { registry = "https://download.pytorch.org/whl/cu121" }
dependencies = [
    { name = "mpmath" },
]
wheels = [
    { url = "https://download.pytorch.org/whl/sympy-1.13.1-py3-none-any.whl", hash = "sha256:db36cdc64bf61b9b24578b6f7bab1ecdd2452cf008f34faa33776680c26d66f8" },
]

[[package]]
name = "tiktoken"
version = "0.12.0"
source = { registry = "https://pypi.org/simple" }
dependencies = [
    { name = "regex" },
    { name = "requests" },
]
sdist = { url = "https://files.pythonhosted.org/packages/7d/ab/4d017d0f76ec3171d469d80fc03dfbb4e48a4bcaddaa831b31d526f05edc/tiktoken-0.12.0.tar.gz", hash = "sha256:b18ba7ee2b093863978fcb14f74b3707cdc8d4d4d3836853ce7ec60772139931", size = 37806, upload-time = "2025-10-06T20:22:45.419Z" }
wheels = [
    { url = "https://files.pythonhosted.org/packages/de/46/21ea696b21f1d6d1efec8639c204bdf20fde8bafb351e1355c72c5d7de52/tiktoken-0.12.0-cp311-cp311-macosx_10_12_x86_64.whl", hash = "sha256:6e227c7f96925003487c33b1b32265fad2fbcec2b7cf4817afb76d416f40f6bb", size = 1051565, upload-time = "2025-10-06T20:21:44.566Z" },
    { url = "https://files.pythonhosted.org/packages/c9/d9/35c5d2d9e22bb2a5f74ba48266fb56c63d76ae6f66e02feb628671c0283e/tiktoken-0.12.0-cp311-cp311-macosx_11_0_arm64.whl", hash = "sha256:c06cf0fcc24c2cb2adb5e185c7082a82cba29c17575e828518c2f11a01f445aa", size = 995284, upload-time = "2025-10-06T20:21:45.622Z" },
    { url = "https://files.pythonhosted.org/packages/01/84/961106c37b8e49b9fdcf33fe007bb3a8fdcc380c528b20cc7fbba80578b8/tiktoken-0.12.0-cp311-cp311-manylinux_2_28_aarch64.whl", hash = "sha256:f18f249b041851954217e9fd8e5c00b024ab2315ffda5ed77665a05fa91f42dc", size = 1129201, upload-time = "2025-10-06T20:21:47.074Z" },
    { url = "https://files.pythonhosted.org/packages/6a/d0/3d9275198e067f8b65076a68894bb52fd253875f3644f0a321a720277b8a/tiktoken-0.12.0-cp311-cp311-manylinux_2_28_x86_64.whl", hash = "sha256:47a5bc270b8c3db00bb46ece01ef34ad050e364b51d406b6f9730b64ac28eded", size = 1152444, upload-time = "2025-10-06T20:21:48.139Z" },
    { url = "https://files.pythonhosted.org/packages/78/db/a58e09687c1698a7c592e1038e01c206569b86a0377828d51635561f8ebf/tiktoken-0.12.0-cp311-cp311-musllinux_1_2_aarch64.whl", hash = "sha256:508fa71810c0efdcd1b898fda574889ee62852989f7c1667414736bcb2b9a4bd", size = 1195080, upload-time = "2025-10-06T20:21:49.246Z" },
    { url = "https://files.pythonhosted.org/packages/9e/1b/a9e4d2bf91d515c0f74afc526fd773a812232dd6cda33ebea7f531202325/tiktoken-0.12.0-cp311-cp311-musllinux_1_2_x86_64.whl", hash = "sha256:a1af81a6c44f008cba48494089dd98cccb8b313f55e961a52f5b222d1e507967", size = 1255240, upload-time = "2025-10-06T20:21:50.274Z" },
    { url = "https://files.pythonhosted.org/packages/9d/15/963819345f1b1fb0809070a79e9dd96938d4ca41297367d471733e79c76c/tiktoken-0.12.0-cp311-cp311-win_amd64.whl", hash = "sha256:3e68e3e593637b53e56f7237be560f7a394451cb8c11079755e80ae64b9e6def", size = 879422, upload-time = "2025-10-06T20:21:51.734Z" },
    { url = "https://files.pythonhosted.org/packages/a4/85/be65d39d6b647c79800fd9d29241d081d4eeb06271f383bb87200d74cf76/tiktoken-0.12.0-cp312-cp312-macosx_10_13_x86_64.whl", hash = "sha256:b97f74aca0d78a1ff21b8cd9e9925714c15a9236d6ceacf5c7327c117e6e21e8", size = 1050728, upload-time = "2025-10-06T20:21:52.756Z" },
    { url = "https://files.pythonhosted.org/packages/4a/42/6573e9129bc55c9bf7300b3a35bef2c6b9117018acca0dc760ac2d93dffe/tiktoken-0.12.0-cp312-cp312-macosx_11_0_arm64.whl", hash = "sha256:2b90f5ad190a4bb7c3eb30c5fa32e1e182ca1ca79f05e49b448438c3e225a49b", size = 994049, upload-time = "2025-10-06T20:21:53.782Z" },
    { url = "https://files.pythonhosted.org/packages/66/c5/ed88504d2f4a5fd6856990b230b56d85a777feab84e6129af0822f5d0f70/tiktoken-0.12.0-cp312-cp312-manylinux_2_28_aarch64.whl", hash = "sha256:65b26c7a780e2139e73acc193e5c63ac754021f160df919add909c1492c0fb37", size = 1129008, upload-time = "2025-10-06T20:21:54.832Z" },
    { url = "https://files.pythonhosted.org/packages/f4/90/3dae6cc5436137ebd38944d396b5849e167896fc2073da643a49f372dc4f/tiktoken-0.12.0-cp312-cp312-manylinux_2_28_x86_64.whl", hash = "sha256:edde1ec917dfd21c1f2f8046b86348b0f54a2c0547f68149d8600859598769ad", size = 1152665, upload-time = "2025-10-06T20:21:56.129Z" },
    { url = "https://files.pythonhosted.org/packages/a3/fe/26df24ce53ffde419a42f5f53d755b995c9318908288c17ec3f3448313a3/tiktoken-0.12.0-cp312-cp312-musllinux_1_2_aarch64.whl", hash = "sha256:35a2f8ddd3824608b3d650a000c1ef71f730d0c56486845705a8248da00f9fe5", size = 1194230, upload-time = "2025-10-06T20:21:57.546Z" },
    { url = "https://files.pythonhosted.org/packages/20/cc/b064cae1a0e9fac84b0d2c46b89f4e57051a5f41324e385d10225a984c24/tiktoken-0.12.0-cp312-cp312-musllinux_1_2_x86_64.whl", hash = "sha256:83d16643edb7fa2c99eff2ab7733508aae1eebb03d5dfc46f5565862810f24e3", size = 1254688, upload-time = "2025-10-06T20:21:58.619Z" },
    { url = "https://files.pythonhosted.org/packages/81/10/b8523105c590c5b8349f2587e2fdfe51a69544bd5a76295fc20f2374f470/tiktoken-0.12.0-cp312-cp312-win_amd64.whl", hash = "sha256:ffc5288f34a8bc02e1ea7047b8d041104791d2ddbf42d1e5fa07822cbffe16bd", size = 878694, upload-time = "2025-10-06T20:21:59.876Z" },
]

[[package]]
name = "torch"
version = "2.5.1+cu121"
source = { registry = "https://download.pytorch.org/whl/cu121" }
dependencies = [
    { name = "filelock" },
    { name = "fsspec" },
    { name = "jinja2" },
    { name = "networkx" },
    { name = "nvidia-cublas-cu12", marker = "platform_machine == 'x86_64' and sys_platform == 'linux'" },
    { name = "nvidia-cuda-cupti-cu12", marker = "platform_machine == 'x86_64' and sys_platform == 'linux'" },
    { name = "nvidia-cuda-nvrtc-cu12", marker = "platform_machine == 'x86_64' and sys_platform == 'linux'" },
    { name = "nvidia-cuda-runtime-cu12", marker = "platform_machine == 'x86_64' and sys_platform == 'linux'" },
    { name = "nvidia-cudnn-cu12", marker = "platform_machine == 'x86_64' and sys_platform == 'linux'" },
    { name = "nvidia-cufft-cu12", marker = "platform_machine == 'x86_64' and sys_platform == 'linux'" },
    { name = "nvidia-curand-cu12", marker = "platform_machine == 'x86_64' and sys_platform == 'linux'" },
    { name = "nvidia-cusolver-cu12", marker = "platform_machine == 'x86_64' and sys_platform == 'linux'" },
    { name = "nvidia-cusparse-cu12", marker = "platform_machine == 'x86_64' and sys_platform == 'linux'" },
    { name = "nvidia-nccl-cu12", marker = "platform_machine == 'x86_64' and sys_platform == 'linux'" },
    { name = "nvidia-nvtx-cu12", marker = "platform_machine == 'x86_64' and sys_platform == 'linux'" },
    { name = "setuptools", marker = "python_full_version >= '3.12'" },
    { name = "sympy" },
    { name = "triton", marker = "platform_machine == 'x86_64' and sys_platform == 'linux'" },
    { name = "typing-extensions" },
]
wheels = [
    { url = "https://download.pytorch.org/whl/cu121/torch-2.5.1%2Bcu121-cp311-cp311-linux_x86_64.whl", hash = "sha256:c8ab8c92eab928a93c483f83ca8c63f13dafc10fc93ad90ed2dcb7c82ea50410" },
    { url = "https://download.pytorch.org/whl/cu121/torch-2.5.1%2Bcu121-cp311-cp311-win_amd64.whl", hash = "sha256:4bcee18f00c43c815efad8efaa3bca584ffdc8d2cd35ef4c44c814f2739d9191" },
    { url = "https://download.pytorch.org/whl/cu121/torch-2.5.1%2Bcu121-cp312-cp312-linux_x86_64.whl", hash = "sha256:222be02548c2e74a21a8fbc8e5b8d2eef9f9faee865d70385d2eb1b9aabcbc76" },
    { url = "https://download.pytorch.org/whl/cu121/torch-2.5.1%2Bcu121-cp312-cp312-win_amd64.whl", hash = "sha256:473d76257636c66b22cbfac6f616d6b522ef3d3473c13decb1afda22a7b059eb" },
]

[[package]]
name = "tqdm"
version = "4.66.5"
source = { registry = "https://download.pytorch.org/whl/cu121" }
dependencies = [
    { name = "colorama", marker = "sys_platform == 'win32'" },
]
wheels = [
    { url = "https://download.pytorch.org/whl/tqdm-4.66.5-py3-none-any.whl", hash = "sha256:90279a3770753eafc9194a0364852159802111925aa30eb3f9d85b0e805ac7cd" },
]

[[package]]
name = "triton"
version = "3.1.0"
source = { registry = "https://download.pytorch.org/whl/cu121" }
dependencies = [
    { name = "filelock" },
]
wheels = [
    { url = "https://download.pytorch.org/whl/triton-3.1.0-cp311-cp311-manylinux_2_17_x86_64.manylinux2014_x86_64.whl", hash = "sha256:0f34f6e7885d1bf0eaaf7ba875a5f0ce6f3c13ba98f9503651c1e6dc6757ed5c" },
    { url = "https://download.pytorch.org/whl/triton-3.1.0-cp312-cp312-manylinux_2_17_x86_64.manylinux2014_x86_64.whl", hash = "sha256:c8182f42fd8080a7d39d666814fa36c5e30cc00ea7eeeb1a2983dbb4c99a0fdc" },
]

[[package]]
name = "typing-extensions"
version = "4.15.0"
source = { registry = "https://download.pytorch.org/whl/cu121" }
wheels = [
    { url = "https://download.pytorch.org/whl/typing_extensions-4.15.0-py3-none-any.whl" },
]

[[package]]
name = "urllib3"
version = "1.26.13"
source = { registry = "https://download.pytorch.org/whl/cu121" }
wheels = [
    { url = "https://download.pytorch.org/whl/urllib3-1.26.13-py2.py3-none-any.whl", hash = "sha256:47cc05d99aaa09c9e72ed5809b60e7ba354e64b59c9c173ac3018642d8bb41fc" },
]
